{
  "name": "@mascrypt0/npm-image-generator",
  "version": "1.0.0",
  "lockfileVersion": 3,
  "requires": true,
  "packages": {
    "": {
      "name": "@mascrypt0/npm-image-generator",
      "version": "1.0.0",
      "license": "ISC",
      "dependencies": {
        "npm-image-generator": "^1.0.0"
      },
      "devDependencies": {}
    },
    "node_modules/npm-image-generator": {
      "version": "1.0.0",
      "resolved": "https://registry.npmjs.org/npm-image-generator/-/npm-image-generator-1.0.0.tgz",
      "integrity": "sha512-SkcwaHjD32U0TG1Dh+wSDSEgh7cGpbEWRcaUfowwZBDY8FHmIf2Ja4H293RA0vEAg3jhNLqS52ZPmFQ7HeVy/Q=="
    }
  }
}
